
Microsoft Visual Studio Solution File, Format Version 12.00
# Visual Studio Version 17
VisualStudioVersion = 17.8.34322.80
MinimumVisualStudioVersion = 10.0.40219.1
Project("{FAE04EC0-301F-11D3-BF4B-00C04F79EFBC}") = "libreria_frontend", "libreria_frontend\libreria_frontend.csproj", "{F32F77AC-1EEF-432F-A39F-084E3CD44C76}"
EndProject
Global
	GlobalSection(SolutionConfigurationPlatforms) = preSolution
		Debug|Any CPU = Debug|Any CPU
		Release|Any CPU = Release|Any CPU
	EndGlobalSection
	GlobalSection(ProjectConfigurationPlatforms) = postSolution
		{F32F77AC-1EEF-432F-A39F-084E3CD44C76}.Debug|Any CPU.ActiveCfg = Debug|Any CPU
		{F32F77AC-1EEF-432F-A39F-084E3CD44C76}.Debug|Any CPU.Build.0 = Debug|Any CPU
		{F32F77AC-1EEF-432F-A39F-084E3CD44C76}.Release|Any CPU.ActiveCfg = Release|Any CPU
		{F32F77AC-1EEF-432F-A39F-084E3CD44C76}.Release|Any CPU.Build.0 = Release|Any CPU
	EndGlobalSection
	GlobalSection(SolutionProperties) = preSolution
		HideSolutionNode = FALSE
	EndGlobalSection
	GlobalSection(ExtensibilityGlobals) = postSolution
		SolutionGuid = {1D1AFF41-38F3-43B5-BEB4-5074BCA28FDE}
	EndGlobalSection
EndGlobal
